
Microsoft Visual Studio Solution File, Format Version 12.00
# Visual Studio Version 17
VisualStudioVersion = 17.7.34009.444
MinimumVisualStudioVersion = 10.0.40219.1
Project("{FAE04EC0-301F-11D3-BF4B-00C04F79EFBC}") = "Operators", "Operators\Operators.csproj", "{58BD7BB8-F9F1-4220-94A7-763C8BD26286}"
EndProject
Global
	GlobalSection(SolutionConfigurationPlatforms) = preSolution
		Debug|Any CPU = Debug|Any CPU
		Release|Any CPU = Release|Any CPU
	EndGlobalSection
	GlobalSection(ProjectConfigurationPlatforms) = postSolution
		{58BD7BB8-F9F1-4220-94A7-763C8BD26286}.Debug|Any CPU.ActiveCfg = Debug|Any CPU
		{58BD7BB8-F9F1-4220-94A7-763C8BD26286}.Debug|Any CPU.Build.0 = Debug|Any CPU
		{58BD7BB8-F9F1-4220-94A7-763C8BD26286}.Release|Any CPU.ActiveCfg = Release|Any CPU
		{58BD7BB8-F9F1-4220-94A7-763C8BD26286}.Release|Any CPU.Build.0 = Release|Any CPU
	EndGlobalSection
	GlobalSection(SolutionProperties) = preSolution
		HideSolutionNode = FALSE
	EndGlobalSection
	GlobalSection(ExtensibilityGlobals) = postSolution
		SolutionGuid = {F6CB2CF3-6BD4-46ED-AB74-A90745625849}
	EndGlobalSection
EndGlobal
